
Microsoft Visual Studio Solution File, Format Version 12.00
# Visual Studio Version 17
VisualStudioVersion = 17.2.32616.157
MinimumVisualStudioVersion = 10.0.40219.1
Project("{FAE04EC0-301F-11D3-BF4B-00C04F79EFBC}") = "FFmpegBlazorDemo", "FFmpegBlazorDemo\FFmpegBlazorDemo.csproj", "{7EFB213D-2D67-4C56-A505-94FC74BABE1B}"
EndProject
Global
	GlobalSection(SolutionConfigurationPlatforms) = preSolution
		Debug|Any CPU = Debug|Any CPU
		Release|Any CPU = Release|Any CPU
	EndGlobalSection
	GlobalSection(ProjectConfigurationPlatforms) = postSolution
		{7EFB213D-2D67-4C56-A505-94FC74BABE1B}.Debug|Any CPU.ActiveCfg = Debug|Any CPU
		{7EFB213D-2D67-4C56-A505-94FC74BABE1B}.Debug|Any CPU.Build.0 = Debug|Any CPU
		{7EFB213D-2D67-4C56-A505-94FC74BABE1B}.Release|Any CPU.ActiveCfg = Release|Any CPU
		{7EFB213D-2D67-4C56-A505-94FC74BABE1B}.Release|Any CPU.Build.0 = Release|Any CPU
	EndGlobalSection
	GlobalSection(SolutionProperties) = preSolution
		HideSolutionNode = FALSE
	EndGlobalSection
	GlobalSection(ExtensibilityGlobals) = postSolution
		SolutionGuid = {C33D1608-D4B5-4CFE-9530-A23D79523E62}
	EndGlobalSection
EndGlobal
